
Microsoft Visual Studio Solution File, Format Version 12.00
# Visual Studio 2012
Project("{FAE04EC0-301F-11D3-BF4B-00C04F79EFBC}") = "01. WebPageWithSASS", "01. WebPageWithSASS\01. WebPageWithSASS.csproj", "{C084C936-20A3-4EB8-BEB8-1FE2CFCB9AF2}"
EndProject
Project("{FAE04EC0-301F-11D3-BF4B-00C04F79EFBC}") = "02. WebGalleryWithSASS", "02. WebGalleryWithSASS\02. WebGalleryWithSASS.csproj", "{F13F233A-E494-4127-B429-B4F14FB69CF3}"
EndProject
Global
	GlobalSection(SolutionConfigurationPlatforms) = preSolution
		Debug|Any CPU = Debug|Any CPU
		Release|Any CPU = Release|Any CPU
	EndGlobalSection
	GlobalSection(ProjectConfigurationPlatforms) = postSolution
		{C084C936-20A3-4EB8-BEB8-1FE2CFCB9AF2}.Debug|Any CPU.ActiveCfg = Debug|Any CPU
		{C084C936-20A3-4EB8-BEB8-1FE2CFCB9AF2}.Debug|Any CPU.Build.0 = Debug|Any CPU
		{C084C936-20A3-4EB8-BEB8-1FE2CFCB9AF2}.Release|Any CPU.ActiveCfg = Release|Any CPU
		{C084C936-20A3-4EB8-BEB8-1FE2CFCB9AF2}.Release|Any CPU.Build.0 = Release|Any CPU
		{F13F233A-E494-4127-B429-B4F14FB69CF3}.Debug|Any CPU.ActiveCfg = Debug|Any CPU
		{F13F233A-E494-4127-B429-B4F14FB69CF3}.Debug|Any CPU.Build.0 = Debug|Any CPU
		{F13F233A-E494-4127-B429-B4F14FB69CF3}.Release|Any CPU.ActiveCfg = Release|Any CPU
		{F13F233A-E494-4127-B429-B4F14FB69CF3}.Release|Any CPU.Build.0 = Release|Any CPU
	EndGlobalSection
	GlobalSection(SolutionProperties) = preSolution
		HideSolutionNode = FALSE
	EndGlobalSection
EndGlobal
